{
  "name": "ags",
  "lockfileVersion": 3,
  "requires": true,
  "packages": {
    "": {
      "dependencies": {
        "@girs/clutter-15": "^15.0.0-4.0.0-beta.19"
      }
    },
    "node_modules/@girs/atk-1.0": {
      "version": "2.54.0-4.0.0-beta.19",
      "resolved": "https://registry.npmjs.org/@girs/atk-1.0/-/atk-1.0-2.54.0-4.0.0-beta.19.tgz",
      "integrity": "sha512-gKzsnSBzrsxA0FIgYPCRVveNgc6udI9gbFM4Nkfl/w7TTh3R1Fc9w8q7t8Rog4Ek10EJzb+rw2zpc2e+WlXpJA==",
      "dependencies": {
        "@girs/gjs": "^4.0.0-beta.19",
        "@girs/glib-2.0": "^2.82.2-4.0.0-beta.19",
        "@girs/gobject-2.0": "^2.82.2-4.0.0-beta.19"
      }
    },
    "node_modules/@girs/cairo-1.0": {
      "version": "1.0.0-4.0.0-beta.19",
      "resolved": "https://registry.npmjs.org/@girs/cairo-1.0/-/cairo-1.0-1.0.0-4.0.0-beta.19.tgz",
      "integrity": "sha512-nBI5oveqH0N7czBC95ofJ4Un5KKqK6guANE6O0OxkwuF6B3YxVqdNmF8O8i2tk3GIxBzwxkC0bi0Wb6X4tLR8g==",
      "dependencies": {
        "@girs/gjs": "^4.0.0-beta.19",
        "@girs/glib-2.0": "^2.82.2-4.0.0-beta.19",
        "@girs/gobject-2.0": "^2.82.2-4.0.0-beta.19"
      }
    },
    "node_modules/@girs/clutter-15": {
      "version": "15.0.0-4.0.0-beta.19",
      "resolved": "https://registry.npmjs.org/@girs/clutter-15/-/clutter-15-15.0.0-4.0.0-beta.19.tgz",
      "integrity": "sha512-1LpSErfEKPh8tcysgL07++hWy2xsokJ+svbzub95ykXjFkibNrutJBWXmh6E3j5Hs61Va18JjyjPIfmGdVclPA==",
      "dependencies": {
        "@girs/atk-1.0": "^2.54.0-4.0.0-beta.19",
        "@girs/cairo-1.0": "^1.0.0-4.0.0-beta.19",
        "@girs/cogl-15": "^15.0.0-4.0.0-beta.19",
        "@girs/coglpango-15": "^15.0.0-4.0.0-beta.19",
        "@girs/freetype2-2.0": "^2.0.0-4.0.0-beta.19",
        "@girs/gio-2.0": "^2.82.2-4.0.0-beta.19",
        "@girs/gjs": "^4.0.0-beta.19",
        "@girs/gl-1.0": "^1.0.0-4.0.0-beta.19",
        "@girs/glib-2.0": "^2.82.2-4.0.0-beta.19",
        "@girs/gmodule-2.0": "^2.0.0-4.0.0-beta.19",
        "@girs/gobject-2.0": "^2.82.2-4.0.0-beta.19",
        "@girs/graphene-1.0": "^1.0.0-4.0.0-beta.19",
        "@girs/harfbuzz-0.0": "^9.0.0-4.0.0-beta.19",
        "@girs/mtk-15": "^15.0.0-4.0.0-beta.19",
        "@girs/pango-1.0": "^1.54.0-4.0.0-beta.19",
        "@girs/pangocairo-1.0": "^1.0.0-4.0.0-beta.19",
        "@girs/xlib-2.0": "^2.0.0-4.0.0-beta.19"
      }
    },
    "node_modules/@girs/cogl-15": {
      "version": "15.0.0-4.0.0-beta.19",
      "resolved": "https://registry.npmjs.org/@girs/cogl-15/-/cogl-15-15.0.0-4.0.0-beta.19.tgz",
      "integrity": "sha512-GEsERs00Vi1TjvPDev05QonAQABSmLoLeNzDciIc9ZhPdDRAf8/MQAQYLqFx6+4U8OmvCNPYDC/t/n+6BwoqBA==",
      "dependencies": {
        "@girs/gjs": "^4.0.0-beta.19",
        "@girs/gl-1.0": "^1.0.0-4.0.0-beta.19",
        "@girs/glib-2.0": "^2.82.2-4.0.0-beta.19",
        "@girs/gobject-2.0": "^2.82.2-4.0.0-beta.19",
        "@girs/graphene-1.0": "^1.0.0-4.0.0-beta.19",
        "@girs/mtk-15": "^15.0.0-4.0.0-beta.19",
        "@girs/xlib-2.0": "^2.0.0-4.0.0-beta.19"
      }
    },
    "node_modules/@girs/coglpango-15": {
      "version": "15.0.0-4.0.0-beta.19",
      "resolved": "https://registry.npmjs.org/@girs/coglpango-15/-/coglpango-15-15.0.0-4.0.0-beta.19.tgz",
      "integrity": "sha512-fNNwTYsGfMYcLNUkvWLr6OlAuMJMB+XWfppQhXL8NFX15d4AIaBFBHi8vdVRLf/buU2g8Yga52/zH/DJZN/8mg==",
      "dependencies": {
        "@girs/cairo-1.0": "^1.0.0-4.0.0-beta.19",
        "@girs/cogl-15": "^15.0.0-4.0.0-beta.19",
        "@girs/freetype2-2.0": "^2.0.0-4.0.0-beta.19",
        "@girs/gio-2.0": "^2.82.2-4.0.0-beta.19",
        "@girs/gjs": "^4.0.0-beta.19",
        "@girs/gl-1.0": "^1.0.0-4.0.0-beta.19",
        "@girs/glib-2.0": "^2.82.2-4.0.0-beta.19",
        "@girs/gmodule-2.0": "^2.0.0-4.0.0-beta.19",
        "@girs/gobject-2.0": "^2.82.2-4.0.0-beta.19",
        "@girs/graphene-1.0": "^1.0.0-4.0.0-beta.19",
        "@girs/harfbuzz-0.0": "^9.0.0-4.0.0-beta.19",
        "@girs/mtk-15": "^15.0.0-4.0.0-beta.19",
        "@girs/pango-1.0": "^1.54.0-4.0.0-beta.19",
        "@girs/pangocairo-1.0": "^1.0.0-4.0.0-beta.19",
        "@girs/xlib-2.0": "^2.0.0-4.0.0-beta.19"
      }
    },
    "node_modules/@girs/freetype2-2.0": {
      "version": "2.0.0-4.0.0-beta.19",
      "resolved": "https://registry.npmjs.org/@girs/freetype2-2.0/-/freetype2-2.0-2.0.0-4.0.0-beta.19.tgz",
      "integrity": "sha512-xU3uVUXMY0MeLc2U4QgpWBQ6VSBtMKaqKRcRT7TrOM1etkLzGhh70SWt16xjqA6vrpF+wZ9TtndQZy2ky0gpwA==",
      "dependencies": {
        "@girs/gjs": "^4.0.0-beta.19",
        "@girs/gobject-2.0": "^2.82.2-4.0.0-beta.19"
      }
    },
    "node_modules/@girs/gio-2.0": {
      "version": "2.82.2-4.0.0-beta.19",
      "resolved": "https://registry.npmjs.org/@girs/gio-2.0/-/gio-2.0-2.82.2-4.0.0-beta.19.tgz",
      "integrity": "sha512-OM2E/mdNX3Z+X7mB8ZVFch4WbUqX1Y6hADiG9+LuGWsAOjPAVvDDUk5N4+34+BTPEfFHLGOdo8E7dI235jylCQ==",
      "dependencies": {
        "@girs/gjs": "^4.0.0-beta.19",
        "@girs/glib-2.0": "^2.82.2-4.0.0-beta.19",
        "@girs/gmodule-2.0": "^2.0.0-4.0.0-beta.19",
        "@girs/gobject-2.0": "^2.82.2-4.0.0-beta.19"
      }
    },
    "node_modules/@girs/gjs": {
      "version": "4.0.0-beta.19",
      "resolved": "https://registry.npmjs.org/@girs/gjs/-/gjs-4.0.0-beta.19.tgz",
      "integrity": "sha512-tl+BjmMqqZH9xZcJZ2AwWI0sotGDc7qVPppAJNeFZFCgUDOFVWThZfkpZffZcQGNphn7wgU8HOvgZyrtVhrltw==",
      "dependencies": {
        "@girs/cairo-1.0": "^1.0.0-4.0.0-beta.19",
        "@girs/gio-2.0": "^2.82.2-4.0.0-beta.19",
        "@girs/glib-2.0": "^2.82.2-4.0.0-beta.19",
        "@girs/gobject-2.0": "^2.82.2-4.0.0-beta.19"
      }
    },
    "node_modules/@girs/gl-1.0": {
      "version": "1.0.0-4.0.0-beta.19",
      "resolved": "https://registry.npmjs.org/@girs/gl-1.0/-/gl-1.0-1.0.0-4.0.0-beta.19.tgz",
      "integrity": "sha512-uG/KCXgo2zHdtJGmiMJq5k8kv3B1QH3kl325dQkyE+G6/Ii7gsBepVsy1Gyew2bXPKU2UTUwIn8DDnLIhMHJZg==",
      "dependencies": {
        "@girs/gjs": "^4.0.0-beta.19",
        "@girs/gobject-2.0": "^2.82.2-4.0.0-beta.19"
      }
    },
    "node_modules/@girs/glib-2.0": {
      "version": "2.82.2-4.0.0-beta.19",
      "resolved": "https://registry.npmjs.org/@girs/glib-2.0/-/glib-2.0-2.82.2-4.0.0-beta.19.tgz",
      "integrity": "sha512-mRUhcp7O65KQQkyrgiQpUzl1rY+TH4X+A98Kk67g3VjuA7Ei/lV4lcuZnW04HnXAGvQ3Qfkq877NmcDXRgb02g==",
      "dependencies": {
        "@girs/gjs": "^4.0.0-beta.19",
        "@girs/gobject-2.0": "^2.82.2-4.0.0-beta.19"
      }
    },
    "node_modules/@girs/gmodule-2.0": {
      "version": "2.0.0-4.0.0-beta.19",
      "resolved": "https://registry.npmjs.org/@girs/gmodule-2.0/-/gmodule-2.0-2.0.0-4.0.0-beta.19.tgz",
      "integrity": "sha512-whTYGLL63Hw1Tn9ZicpJRAMtkYiZwB3lrcln4ETFxyO1ckGTTZ5s17cWcrQjij27veVvjWcb5rmc93L5djeBpg==",
      "dependencies": {
        "@girs/gjs": "^4.0.0-beta.19",
        "@girs/glib-2.0": "^2.82.2-4.0.0-beta.19",
        "@girs/gobject-2.0": "^2.82.2-4.0.0-beta.19"
      }
    },
    "node_modules/@girs/gobject-2.0": {
      "version": "2.82.2-4.0.0-beta.19",
      "resolved": "https://registry.npmjs.org/@girs/gobject-2.0/-/gobject-2.0-2.82.2-4.0.0-beta.19.tgz",
      "integrity": "sha512-E1fCaIZvZ7K035Waa/vYOTqLKI47OSUX3wpMrD+DBlyfDLDCFvyXwaIrFsiKUVFJIxj1xxq7H2yCZvkYqkfklA==",
      "dependencies": {
        "@girs/gjs": "^4.0.0-beta.19",
        "@girs/glib-2.0": "^2.82.2-4.0.0-beta.19"
      }
    },
    "node_modules/@girs/graphene-1.0": {
      "version": "1.0.0-4.0.0-beta.19",
      "resolved": "https://registry.npmjs.org/@girs/graphene-1.0/-/graphene-1.0-1.0.0-4.0.0-beta.19.tgz",
      "integrity": "sha512-TVich9PzcDhD0vECizmHydSTqUhzfIUw3iYi8Pu9bE4wT90gwkgzst9klrjd64oNCNBa3JYrI8xB1txD69kMIg==",
      "dependencies": {
        "@girs/gjs": "^4.0.0-beta.19",
        "@girs/glib-2.0": "^2.82.2-4.0.0-beta.19",
        "@girs/gobject-2.0": "^2.82.2-4.0.0-beta.19"
      }
    },
    "node_modules/@girs/harfbuzz-0.0": {
      "version": "9.0.0-4.0.0-beta.19",
      "resolved": "https://registry.npmjs.org/@girs/harfbuzz-0.0/-/harfbuzz-0.0-9.0.0-4.0.0-beta.19.tgz",
      "integrity": "sha512-m+rGrFJs6OUdz/WdG/lvXgJ6eSMW5vSPmtZDHoipDnY5LDMDfF0/tEc12RqPqJ7uF59czcYtpSa2gR4ZtrKHUA==",
      "dependencies": {
        "@girs/freetype2-2.0": "^2.0.0-4.0.0-beta.19",
        "@girs/gjs": "^4.0.0-beta.19",
        "@girs/glib-2.0": "^2.82.2-4.0.0-beta.19",
        "@girs/gobject-2.0": "^2.82.2-4.0.0-beta.19"
      }
    },
    "node_modules/@girs/mtk-15": {
      "version": "15.0.0-4.0.0-beta.19",
      "resolved": "https://registry.npmjs.org/@girs/mtk-15/-/mtk-15-15.0.0-4.0.0-beta.19.tgz",
      "integrity": "sha512-tdSeO4xGFrZAVkGxhOgt+Q3hicpzkPUajtpm6FI2SiO6UDtiC5i+2LwO1IuerlHTLKkuThZ+81s3JRiXYATKEg==",
      "dependencies": {
        "@girs/gjs": "^4.0.0-beta.19",
        "@girs/glib-2.0": "^2.82.2-4.0.0-beta.19",
        "@girs/gobject-2.0": "^2.82.2-4.0.0-beta.19",
        "@girs/graphene-1.0": "^1.0.0-4.0.0-beta.19"
      }
    },
    "node_modules/@girs/pango-1.0": {
      "version": "1.54.0-4.0.0-beta.19",
      "resolved": "https://registry.npmjs.org/@girs/pango-1.0/-/pango-1.0-1.54.0-4.0.0-beta.19.tgz",
      "integrity": "sha512-O/tJNlRAdmuJFrw8pOMKZrYldgSLgAN9dOJrtQXSh4+6vFH7LQ9SnCKv+6hmJ6yJUnfzEtyOgWAhdmee/Hz3tQ==",
      "dependencies": {
        "@girs/cairo-1.0": "^1.0.0-4.0.0-beta.19",
        "@girs/freetype2-2.0": "^2.0.0-4.0.0-beta.19",
        "@girs/gio-2.0": "^2.82.2-4.0.0-beta.19",
        "@girs/gjs": "^4.0.0-beta.19",
        "@girs/glib-2.0": "^2.82.2-4.0.0-beta.19",
        "@girs/gmodule-2.0": "^2.0.0-4.0.0-beta.19",
        "@girs/gobject-2.0": "^2.82.2-4.0.0-beta.19",
        "@girs/harfbuzz-0.0": "^9.0.0-4.0.0-beta.19"
      }
    },
    "node_modules/@girs/pangocairo-1.0": {
      "version": "1.0.0-4.0.0-beta.19",
      "resolved": "https://registry.npmjs.org/@girs/pangocairo-1.0/-/pangocairo-1.0-1.0.0-4.0.0-beta.19.tgz",
      "integrity": "sha512-LSyxXfJ3/FgOHW4pZt2w1mPyi4Gi1LduikLH5X5XtTaPDqA3czf9G72V3QJ/P8RI+LZ/9KWhhg1ZuGF/uhQyZA==",
      "dependencies": {
        "@girs/cairo-1.0": "^1.0.0-4.0.0-beta.19",
        "@girs/freetype2-2.0": "^2.0.0-4.0.0-beta.19",
        "@girs/gio-2.0": "^2.82.2-4.0.0-beta.19",
        "@girs/gjs": "^4.0.0-beta.19",
        "@girs/glib-2.0": "^2.82.2-4.0.0-beta.19",
        "@girs/gmodule-2.0": "^2.0.0-4.0.0-beta.19",
        "@girs/gobject-2.0": "^2.82.2-4.0.0-beta.19",
        "@girs/harfbuzz-0.0": "^9.0.0-4.0.0-beta.19",
        "@girs/pango-1.0": "^1.54.0-4.0.0-beta.19"
      }
    },
    "node_modules/@girs/xlib-2.0": {
      "version": "2.0.0-4.0.0-beta.19",
      "resolved": "https://registry.npmjs.org/@girs/xlib-2.0/-/xlib-2.0-2.0.0-4.0.0-beta.19.tgz",
      "integrity": "sha512-+xAeOIyMuXdRUdfUe5yOqpgfWN/zcYD6WE+zNmlvosXneGz6D13N/s58qqJ+uDXqNP9n/z2w2iROMxXsZtJlUw==",
      "dependencies": {
        "@girs/gjs": "^4.0.0-beta.19",
        "@girs/gobject-2.0": "^2.82.2-4.0.0-beta.19"
      }
    }
  }
}
